<Solution>
  <Folder Name="/AuthService/">
    <Project Path="AuthService.Application/AuthService.Application.csproj" />
    <Project Path="AuthService.Domain/AuthService.Domain.csproj" />
    <Project Path="AuthService.Infrastructure/AuthService.Infrastructure.csproj" />
    <Project Path="AuthService.WebAPI/AuthService.WebAPI.csproj" />
  </Folder>
</Solution>
